
Microsoft Visual Studio Solution File, Format Version 12.00
# Visual Studio Version 16
VisualStudioVersion = 16.0.29424.173
MinimumVisualStudioVersion = 10.0.40219.1
Project("{FAE04EC0-301F-11D3-BF4B-00C04F79EFBC}") = "UMSAT_ET_v1.1", "UMSAT_ET_v1.1\UMSAT_ET_v1.1.csproj", "{47EF8CEA-5F8B-4953-ABE3-470933D65FB8}"
EndProject
Project("{54435603-DBB4-11D2-8724-00A0C9A8B90C}") = "Setup", "Setup\Setup.vdproj", "{E3FE61DA-8A78-4B88-A2D4-7EE9031F9A10}"
EndProject
Global
	GlobalSection(SolutionConfigurationPlatforms) = preSolution
		Debug|Any CPU = Debug|Any CPU
		Release|Any CPU = Release|Any CPU
	EndGlobalSection
	GlobalSection(ProjectConfigurationPlatforms) = postSolution
		{47EF8CEA-5F8B-4953-ABE3-470933D65FB8}.Debug|Any CPU.ActiveCfg = Debug|Any CPU
		{47EF8CEA-5F8B-4953-ABE3-470933D65FB8}.Debug|Any CPU.Build.0 = Debug|Any CPU
		{47EF8CEA-5F8B-4953-ABE3-470933D65FB8}.Release|Any CPU.ActiveCfg = Release|Any CPU
		{47EF8CEA-5F8B-4953-ABE3-470933D65FB8}.Release|Any CPU.Build.0 = Release|Any CPU
		{E3FE61DA-8A78-4B88-A2D4-7EE9031F9A10}.Debug|Any CPU.ActiveCfg = Release
		{E3FE61DA-8A78-4B88-A2D4-7EE9031F9A10}.Release|Any CPU.ActiveCfg = Release
	EndGlobalSection
	GlobalSection(SolutionProperties) = preSolution
		HideSolutionNode = FALSE
	EndGlobalSection
	GlobalSection(ExtensibilityGlobals) = postSolution
		SolutionGuid = {2FD56F89-6230-4612-8D7C-3DCDAF0F058E}
	EndGlobalSection
EndGlobal
